
Microsoft Visual Studio Solution File, Format Version 12.00
# Visual Studio 15
VisualStudioVersion = 15.0.27130.2027
MinimumVisualStudioVersion = 10.0.40219.1
Project("{FAE04EC0-301F-11D3-BF4B-00C04F79EFBC}") = "BookList", "BookList\BookList.csproj", "{E1A6A634-6586-4652-A43B-C1A765CBDF6C}"
EndProject
Global
	GlobalSection(SolutionConfigurationPlatforms) = preSolution
		Debug|Any CPU = Debug|Any CPU
		Release|Any CPU = Release|Any CPU
	EndGlobalSection
	GlobalSection(ProjectConfigurationPlatforms) = postSolution
		{E1A6A634-6586-4652-A43B-C1A765CBDF6C}.Debug|Any CPU.ActiveCfg = Debug|Any CPU
		{E1A6A634-6586-4652-A43B-C1A765CBDF6C}.Debug|Any CPU.Build.0 = Debug|Any CPU
		{E1A6A634-6586-4652-A43B-C1A765CBDF6C}.Release|Any CPU.ActiveCfg = Release|Any CPU
		{E1A6A634-6586-4652-A43B-C1A765CBDF6C}.Release|Any CPU.Build.0 = Release|Any CPU
	EndGlobalSection
	GlobalSection(SolutionProperties) = preSolution
		HideSolutionNode = FALSE
	EndGlobalSection
	GlobalSection(ExtensibilityGlobals) = postSolution
		SolutionGuid = {02E88A73-35C0-4661-9261-7CA52E76FF10}
	EndGlobalSection
EndGlobal
